
Microsoft Visual Studio Solution File, Format Version 12.00
# Visual Studio Version 17
VisualStudioVersion = 17.0.31903.59
MinimumVisualStudioVersion = 10.0.40219.1
Project("{2150E333-8FDC-42A3-9474-1A3956D46DE8}") = "src", "src", "{D480F487-6B66-4505-8329-161C2DB9D8C3}"
EndProject
Project("{FAE04EC0-301F-11D3-BF4B-00C04F79EFBC}") = "ConfigHub.API", "src\ConfigHub.API\ConfigHub.API.csproj", "{9AF86069-1915-4B77-A8D0-D7EED188BB5E}"
EndProject
Project("{FAE04EC0-301F-11D3-BF4B-00C04F79EFBC}") = "ConfigHub.Domain", "src\ConfigHub.Domain\ConfigHub.Domain.csproj", "{2CA86620-DF94-41FA-ABDC-4782C9E99CC3}"
EndProject
Project("{FAE04EC0-301F-11D3-BF4B-00C04F79EFBC}") = "ConfigHub.Infrastructure", "src\ConfigHub.Infrastructure\ConfigHub.Infrastructure.csproj", "{E98C864A-309B-403D-887B-4C81A0365AB8}"
EndProject
Project("{FAE04EC0-301F-11D3-BF4B-00C04F79EFBC}") = "ConfigHub.Shared", "src\ConfigHub.Shared\ConfigHub.Shared.csproj", "{D3EEFDE5-CEE9-4110-AF28-E762A71C52EE}"
EndProject
Project("{FAE04EC0-301F-11D3-BF4B-00C04F79EFBC}") = "ConfigHub.Client", "src\ConfigHub.Client\ConfigHub.Client.csproj", "{77454641-E22A-4481-A93A-FFA0A43DA29A}"
EndProject
Project("{FAE04EC0-301F-11D3-BF4B-00C04F79EFBC}") = "ConfigHub.Mongo", "src\ConfigHub.Mongo\ConfigHub.Mongo.csproj", "{CFD9AFBE-E032-4C55-915D-6281AAC7773A}"
EndProject
Project("{2150E333-8FDC-42A3-9474-1A3956D46DE8}") = "tests", "tests", "{D6B6D1E9-1DD4-4A08-A482-A31C9F92E4D2}"
EndProject
Project("{FAE04EC0-301F-11D3-BF4B-00C04F79EFBC}") = "ConfigHub.API.Tests", "tests\ConfigHub.API.Tests\ConfigHub.API.Tests.csproj", "{08472D52-8DBE-488C-82FC-027CF64704ED}"
EndProject
Project("{FAE04EC0-301F-11D3-BF4B-00C04F79EFBC}") = "ConfigHub.Domain.Tests", "tests\ConfigHub.Domain.Tests\ConfigHub.Domain.Tests.csproj", "{6693FA04-98EE-4461-94EF-FFD771086FE3}"
EndProject
Project("{FAE04EC0-301F-11D3-BF4B-00C04F79EFBC}") = "ConfigHub.Infrastructure.Tests", "tests\ConfigHub.Infrastructure.Tests\ConfigHub.Infrastructure.Tests.csproj", "{0B4C372B-A416-4758-92B7-F5DE3C66FE7E}"
EndProject
Project("{FAE04EC0-301F-11D3-BF4B-00C04F79EFBC}") = "ConfigHub.Shared.Tests", "tests\ConfigHub.Shared.Tests\ConfigHub.Shared.Tests.csproj", "{006DCB57-0E03-4A5C-A90D-711237A6E13D}"
EndProject
Project("{FAE04EC0-301F-11D3-BF4B-00C04F79EFBC}") = "ConfigHub.Client.Tests", "tests\ConfigHub.Client.Tests\ConfigHub.Client.Tests.csproj", "{8257A874-D154-4A77-8A64-DA330571BCA6}"
EndProject
Project("{FAE04EC0-301F-11D3-BF4B-00C04F79EFBC}") = "ConfigHub.Mongo.Tests", "tests\ConfigHub.Mongo.Tests\ConfigHub.Mongo.Tests.csproj", "{DB8CA549-D248-459F-92A3-6CE04C62AE3F}"
EndProject
Global
	GlobalSection(SolutionConfigurationPlatforms) = preSolution
		Debug|Any CPU = Debug|Any CPU
		Release|Any CPU = Release|Any CPU
	EndGlobalSection
	GlobalSection(SolutionProperties) = preSolution
		HideSolutionNode = FALSE
	EndGlobalSection
	GlobalSection(ProjectConfigurationPlatforms) = postSolution
		{9AF86069-1915-4B77-A8D0-D7EED188BB5E}.Debug|Any CPU.ActiveCfg = Debug|Any CPU
		{9AF86069-1915-4B77-A8D0-D7EED188BB5E}.Debug|Any CPU.Build.0 = Debug|Any CPU
		{9AF86069-1915-4B77-A8D0-D7EED188BB5E}.Release|Any CPU.ActiveCfg = Release|Any CPU
		{9AF86069-1915-4B77-A8D0-D7EED188BB5E}.Release|Any CPU.Build.0 = Release|Any CPU
		{2CA86620-DF94-41FA-ABDC-4782C9E99CC3}.Debug|Any CPU.ActiveCfg = Debug|Any CPU
		{2CA86620-DF94-41FA-ABDC-4782C9E99CC3}.Debug|Any CPU.Build.0 = Debug|Any CPU
		{2CA86620-DF94-41FA-ABDC-4782C9E99CC3}.Release|Any CPU.ActiveCfg = Release|Any CPU
		{2CA86620-DF94-41FA-ABDC-4782C9E99CC3}.Release|Any CPU.Build.0 = Release|Any CPU
		{E98C864A-309B-403D-887B-4C81A0365AB8}.Debug|Any CPU.ActiveCfg = Debug|Any CPU
		{E98C864A-309B-403D-887B-4C81A0365AB8}.Debug|Any CPU.Build.0 = Debug|Any CPU
		{E98C864A-309B-403D-887B-4C81A0365AB8}.Release|Any CPU.ActiveCfg = Release|Any CPU
		{E98C864A-309B-403D-887B-4C81A0365AB8}.Release|Any CPU.Build.0 = Release|Any CPU
		{D3EEFDE5-CEE9-4110-AF28-E762A71C52EE}.Debug|Any CPU.ActiveCfg = Debug|Any CPU
		{D3EEFDE5-CEE9-4110-AF28-E762A71C52EE}.Debug|Any CPU.Build.0 = Debug|Any CPU
		{D3EEFDE5-CEE9-4110-AF28-E762A71C52EE}.Release|Any CPU.ActiveCfg = Release|Any CPU
		{D3EEFDE5-CEE9-4110-AF28-E762A71C52EE}.Release|Any CPU.Build.0 = Release|Any CPU
		{77454641-E22A-4481-A93A-FFA0A43DA29A}.Debug|Any CPU.ActiveCfg = Debug|Any CPU
		{77454641-E22A-4481-A93A-FFA0A43DA29A}.Debug|Any CPU.Build.0 = Debug|Any CPU
		{77454641-E22A-4481-A93A-FFA0A43DA29A}.Release|Any CPU.ActiveCfg = Release|Any CPU
		{77454641-E22A-4481-A93A-FFA0A43DA29A}.Release|Any CPU.Build.0 = Release|Any CPU
		{CFD9AFBE-E032-4C55-915D-6281AAC7773A}.Debug|Any CPU.ActiveCfg = Debug|Any CPU
		{CFD9AFBE-E032-4C55-915D-6281AAC7773A}.Debug|Any CPU.Build.0 = Debug|Any CPU
		{CFD9AFBE-E032-4C55-915D-6281AAC7773A}.Release|Any CPU.ActiveCfg = Release|Any CPU
		{CFD9AFBE-E032-4C55-915D-6281AAC7773A}.Release|Any CPU.Build.0 = Release|Any CPU
		{08472D52-8DBE-488C-82FC-027CF64704ED}.Debug|Any CPU.ActiveCfg = Debug|Any CPU
		{08472D52-8DBE-488C-82FC-027CF64704ED}.Debug|Any CPU.Build.0 = Debug|Any CPU
		{08472D52-8DBE-488C-82FC-027CF64704ED}.Release|Any CPU.ActiveCfg = Release|Any CPU
		{08472D52-8DBE-488C-82FC-027CF64704ED}.Release|Any CPU.Build.0 = Release|Any CPU
		{6693FA04-98EE-4461-94EF-FFD771086FE3}.Debug|Any CPU.ActiveCfg = Debug|Any CPU
		{6693FA04-98EE-4461-94EF-FFD771086FE3}.Debug|Any CPU.Build.0 = Debug|Any CPU
		{6693FA04-98EE-4461-94EF-FFD771086FE3}.Release|Any CPU.ActiveCfg = Release|Any CPU
		{6693FA04-98EE-4461-94EF-FFD771086FE3}.Release|Any CPU.Build.0 = Release|Any CPU
		{0B4C372B-A416-4758-92B7-F5DE3C66FE7E}.Debug|Any CPU.ActiveCfg = Debug|Any CPU
		{0B4C372B-A416-4758-92B7-F5DE3C66FE7E}.Debug|Any CPU.Build.0 = Debug|Any CPU
		{0B4C372B-A416-4758-92B7-F5DE3C66FE7E}.Release|Any CPU.ActiveCfg = Release|Any CPU
		{0B4C372B-A416-4758-92B7-F5DE3C66FE7E}.Release|Any CPU.Build.0 = Release|Any CPU
		{006DCB57-0E03-4A5C-A90D-711237A6E13D}.Debug|Any CPU.ActiveCfg = Debug|Any CPU
		{006DCB57-0E03-4A5C-A90D-711237A6E13D}.Debug|Any CPU.Build.0 = Debug|Any CPU
		{006DCB57-0E03-4A5C-A90D-711237A6E13D}.Release|Any CPU.ActiveCfg = Release|Any CPU
		{006DCB57-0E03-4A5C-A90D-711237A6E13D}.Release|Any CPU.Build.0 = Release|Any CPU
		{8257A874-D154-4A77-8A64-DA330571BCA6}.Debug|Any CPU.ActiveCfg = Debug|Any CPU
		{8257A874-D154-4A77-8A64-DA330571BCA6}.Debug|Any CPU.Build.0 = Debug|Any CPU
		{8257A874-D154-4A77-8A64-DA330571BCA6}.Release|Any CPU.ActiveCfg = Release|Any CPU
		{8257A874-D154-4A77-8A64-DA330571BCA6}.Release|Any CPU.Build.0 = Release|Any CPU
		{DB8CA549-D248-459F-92A3-6CE04C62AE3F}.Debug|Any CPU.ActiveCfg = Debug|Any CPU
		{DB8CA549-D248-459F-92A3-6CE04C62AE3F}.Debug|Any CPU.Build.0 = Debug|Any CPU
		{DB8CA549-D248-459F-92A3-6CE04C62AE3F}.Release|Any CPU.ActiveCfg = Release|Any CPU
		{DB8CA549-D248-459F-92A3-6CE04C62AE3F}.Release|Any CPU.Build.0 = Release|Any CPU
	EndGlobalSection
	GlobalSection(NestedProjects) = preSolution
		{9AF86069-1915-4B77-A8D0-D7EED188BB5E} = {D480F487-6B66-4505-8329-161C2DB9D8C3}
		{2CA86620-DF94-41FA-ABDC-4782C9E99CC3} = {D480F487-6B66-4505-8329-161C2DB9D8C3}
		{E98C864A-309B-403D-887B-4C81A0365AB8} = {D480F487-6B66-4505-8329-161C2DB9D8C3}
		{D3EEFDE5-CEE9-4110-AF28-E762A71C52EE} = {D480F487-6B66-4505-8329-161C2DB9D8C3}
		{77454641-E22A-4481-A93A-FFA0A43DA29A} = {D480F487-6B66-4505-8329-161C2DB9D8C3}
		{CFD9AFBE-E032-4C55-915D-6281AAC7773A} = {D480F487-6B66-4505-8329-161C2DB9D8C3}
		{08472D52-8DBE-488C-82FC-027CF64704ED} = {D6B6D1E9-1DD4-4A08-A482-A31C9F92E4D2}
		{6693FA04-98EE-4461-94EF-FFD771086FE3} = {D6B6D1E9-1DD4-4A08-A482-A31C9F92E4D2}
		{0B4C372B-A416-4758-92B7-F5DE3C66FE7E} = {D6B6D1E9-1DD4-4A08-A482-A31C9F92E4D2}
		{006DCB57-0E03-4A5C-A90D-711237A6E13D} = {D6B6D1E9-1DD4-4A08-A482-A31C9F92E4D2}
		{8257A874-D154-4A77-8A64-DA330571BCA6} = {D6B6D1E9-1DD4-4A08-A482-A31C9F92E4D2}
		{DB8CA549-D248-459F-92A3-6CE04C62AE3F} = {D6B6D1E9-1DD4-4A08-A482-A31C9F92E4D2}
	EndGlobalSection
EndGlobal
