
Microsoft Visual Studio Solution File, Format Version 12.00
# Visual Studio Version 17
VisualStudioVersion = 17.0.31903.59
MinimumVisualStudioVersion = 10.0.40219.1
Project("{9A19103F-16F7-4668-BE54-9A1E7A4F7556}") = "ConfigHubDemo.WebAPI", "ConfigHubDemo.WebAPI\ConfigHubDemo.WebAPI.csproj", "{04FEFADB-710C-438D-9DFF-67C72AEA886A}"
EndProject
Project("{9A19103F-16F7-4668-BE54-9A1E7A4F7556}") = "ConfigHub.Client", "..\src\ConfigHub.Client\ConfigHub.Client.csproj", "{91F5FF1A-EA93-43C1-8693-95E1CB62BA2F}"
EndProject
Project("{9A19103F-16F7-4668-BE54-9A1E7A4F7556}") = "ConfigHub.Domain", "..\src\ConfigHub.Domain\ConfigHub.Domain.csproj", "{CDFEECDF-E597-4A42-AA8E-1460D416CF8A}"
EndProject
Project("{9A19103F-16F7-4668-BE54-9A1E7A4F7556}") = "ConfigHub.Infrastructure", "..\src\ConfigHub.Infrastructure\ConfigHub.Infrastructure.csproj", "{7F1E4413-5CCD-4AD4-9CA6-2E2CDFC1F75C}"
EndProject
Project("{9A19103F-16F7-4668-BE54-9A1E7A4F7556}") = "ConfigHub.Mongo", "..\src\ConfigHub.Mongo\ConfigHub.Mongo.csproj", "{8F01F756-4884-4860-96AF-4F606B3E7ACE}"
EndProject
Project("{9A19103F-16F7-4668-BE54-9A1E7A4F7556}") = "ConfigHub.Shared", "..\src\ConfigHub.Shared\ConfigHub.Shared.csproj", "{E7EBFA1C-C9DA-4245-9C26-6373CE730340}"
EndProject
Global
	GlobalSection(SolutionConfigurationPlatforms) = preSolution
		Debug|Any CPU = Debug|Any CPU
		Release|Any CPU = Release|Any CPU
	EndGlobalSection
	GlobalSection(ProjectConfigurationPlatforms) = postSolution
		{04FEFADB-710C-438D-9DFF-67C72AEA886A}.Debug|Any CPU.ActiveCfg = Debug|Any CPU
		{04FEFADB-710C-438D-9DFF-67C72AEA886A}.Debug|Any CPU.Build.0 = Debug|Any CPU
		{04FEFADB-710C-438D-9DFF-67C72AEA886A}.Release|Any CPU.ActiveCfg = Release|Any CPU
		{04FEFADB-710C-438D-9DFF-67C72AEA886A}.Release|Any CPU.Build.0 = Release|Any CPU
		{91F5FF1A-EA93-43C1-8693-95E1CB62BA2F}.Debug|Any CPU.ActiveCfg = Debug|Any CPU
		{91F5FF1A-EA93-43C1-8693-95E1CB62BA2F}.Debug|Any CPU.Build.0 = Debug|Any CPU
		{91F5FF1A-EA93-43C1-8693-95E1CB62BA2F}.Release|Any CPU.ActiveCfg = Release|Any CPU
		{91F5FF1A-EA93-43C1-8693-95E1CB62BA2F}.Release|Any CPU.Build.0 = Release|Any CPU
		{CDFEECDF-E597-4A42-AA8E-1460D416CF8A}.Debug|Any CPU.ActiveCfg = Debug|Any CPU
		{CDFEECDF-E597-4A42-AA8E-1460D416CF8A}.Debug|Any CPU.Build.0 = Debug|Any CPU
		{CDFEECDF-E597-4A42-AA8E-1460D416CF8A}.Release|Any CPU.ActiveCfg = Release|Any CPU
		{CDFEECDF-E597-4A42-AA8E-1460D416CF8A}.Release|Any CPU.Build.0 = Release|Any CPU
		{7F1E4413-5CCD-4AD4-9CA6-2E2CDFC1F75C}.Debug|Any CPU.ActiveCfg = Debug|Any CPU
		{7F1E4413-5CCD-4AD4-9CA6-2E2CDFC1F75C}.Debug|Any CPU.Build.0 = Debug|Any CPU
		{7F1E4413-5CCD-4AD4-9CA6-2E2CDFC1F75C}.Release|Any CPU.ActiveCfg = Release|Any CPU
		{7F1E4413-5CCD-4AD4-9CA6-2E2CDFC1F75C}.Release|Any CPU.Build.0 = Release|Any CPU
		{8F01F756-4884-4860-96AF-4F606B3E7ACE}.Debug|Any CPU.ActiveCfg = Debug|Any CPU
		{8F01F756-4884-4860-96AF-4F606B3E7ACE}.Debug|Any CPU.Build.0 = Debug|Any CPU
		{8F01F756-4884-4860-96AF-4F606B3E7ACE}.Release|Any CPU.ActiveCfg = Release|Any CPU
		{8F01F756-4884-4860-96AF-4F606B3E7ACE}.Release|Any CPU.Build.0 = Release|Any CPU
		{E7EBFA1C-C9DA-4245-9C26-6373CE730340}.Debug|Any CPU.ActiveCfg = Debug|Any CPU
		{E7EBFA1C-C9DA-4245-9C26-6373CE730340}.Debug|Any CPU.Build.0 = Debug|Any CPU
		{E7EBFA1C-C9DA-4245-9C26-6373CE730340}.Release|Any CPU.ActiveCfg = Release|Any CPU
		{E7EBFA1C-C9DA-4245-9C26-6373CE730340}.Release|Any CPU.Build.0 = Release|Any CPU
	EndGlobalSection
	GlobalSection(SolutionProperties) = preSolution
		HideSolutionNode = FALSE
	EndGlobalSection
	GlobalSection(ExtensibilityGlobals) = postSolution
		SolutionGuid = {9A412F8F-F322-4A7E-9EF6-710FE3D715DA}
	EndGlobalSection
EndGlobal
